{
  "nodes": {
    "home-manager": {
      "inputs": {
        "nixpkgs": [
          "nixpkgs"
        ]
      },
      "locked": {
        "lastModified": 1693646047,
        "narHash": "sha256-VsuXtCGOhrzp1qb1CSoV/cO+5f+GPtA4J/SFYqqLyfo=",
        "owner": "nix-community",
        "repo": "home-manager",
        "rev": "fae8af43e201a8929ce45a5ea46192bbd1ffff18",
        "type": "github"
      },
      "original": {
        "owner": "nix-community",
        "repo": "home-manager",
        "type": "github"
      }
    },
    "nixpkgs": {
      "locked": {
        "lastModified": 1693676579,
        "narHash": "sha256-gYyKZhWf+9bm4wTTPyCg9UkgPW6FAdYV7RRs9enY6hM=",
        "owner": "nixos",
        "repo": "nixpkgs",
        "rev": "7c44dfdc9cda30bcee3876eda704d62b3aec01ed",
        "type": "github"
      },
      "original": {
        "owner": "nixos",
        "ref": "master",
        "repo": "nixpkgs",
        "type": "github"
      }
    },
    "root": {
      "inputs": {
        "home-manager": "home-manager",
        "nixpkgs": "nixpkgs"
      }
    }
  },
  "root": "root",
  "version": 7
}
