{
  "nodes": {
    "home-manager": {
      "inputs": {
        "nixpkgs": [
          "nixpkgs"
        ]
      },
      "locked": {
        "lastModified": 1696063111,
        "narHash": "sha256-F2IJEbyH3xG0eqyAYn9JoV+niqNz+xb4HICYNkkviNI=",
        "owner": "nix-community",
        "repo": "home-manager",
        "rev": "ae896c810f501bf0c3a2fd7fc2de094dd0addf01",
        "type": "github"
      },
      "original": {
        "owner": "nix-community",
        "repo": "home-manager",
        "type": "github"
      }
    },
    "nixpkgs": {
      "locked": {
        "lastModified": 1696087907,
        "narHash": "sha256-VsnAilLrjWouVZB8z8P/9RjnQ8VVxGgA3QBM2jqr3f0=",
        "owner": "nixos",
        "repo": "nixpkgs",
        "rev": "efb9f8b2dc98338f1c6827487ad7fc8bbeb4f9f0",
        "type": "github"
      },
      "original": {
        "owner": "nixos",
        "ref": "master",
        "repo": "nixpkgs",
        "type": "github"
      }
    },
    "root": {
      "inputs": {
        "home-manager": "home-manager",
        "nixpkgs": "nixpkgs"
      }
    }
  },
  "root": "root",
  "version": 7
}
